
Microsoft Visual Studio Solution File, Format Version 12.00
# Visual Studio 14
VisualStudioVersion = 14.0.24720.0
MinimumVisualStudioVersion = 10.0.40219.1
Project("{FAE04EC0-301F-11D3-BF4B-00C04F79EFBC}") = "Web", "Web\Web.csproj", "{F00735C7-6297-437B-84EE-556F50CD920E}"
EndProject
Project("{FAE04EC0-301F-11D3-BF4B-00C04F79EFBC}") = "BLL", "BLL\BLL.csproj", "{FFAD49BA-0F98-45FC-8FEF-C56B99BC4F29}"
EndProject
Project("{FAE04EC0-301F-11D3-BF4B-00C04F79EFBC}") = "DAL", "DAL\DAL.csproj", "{F0B02A55-B663-4ADE-8D0B-BC5812D73B0A}"
EndProject
Project("{FAE04EC0-301F-11D3-BF4B-00C04F79EFBC}") = "DBUtility", "DBUtility\DBUtility.csproj", "{0988C62E-247F-471F-A183-DB509C7A3839}"
EndProject
Project("{FAE04EC0-301F-11D3-BF4B-00C04F79EFBC}") = "Model", "Model\Model.csproj", "{6FEE910B-7BE3-4BD9-973E-B07E65635F0D}"
EndProject
Project("{FAE04EC0-301F-11D3-BF4B-00C04F79EFBC}") = "CommonModel", "CommonModel\CommonModel.csproj", "{29AC6251-405B-420A-8307-1C407A96F81F}"
EndProject
Project("{FAE04EC0-301F-11D3-BF4B-00C04F79EFBC}") = "CommonBLL", "CommonBLL\CommonBLL.csproj", "{2D8D68D5-15E9-4C4B-9048-420C5BB46ABA}"
EndProject
Project("{FAE04EC0-301F-11D3-BF4B-00C04F79EFBC}") = "CommonDAL", "CommonDAL\CommonDAL.csproj", "{42CB9A89-DAD4-4B95-A851-E3A59263506D}"
EndProject
Project("{FAE04EC0-301F-11D3-BF4B-00C04F79EFBC}") = "文档", "文档\文档.csproj", "{4DF61423-0C31-4170-A692-E69B9B448BB8}"
EndProject
Project("{FAE04EC0-301F-11D3-BF4B-00C04F79EFBC}") = "MMMChangeMinute", "MMMChangeMinute\MMMChangeMinute.csproj", "{071A8BE2-A780-4930-997A-DE7ACF35B34D}"
EndProject
Project("{FAE04EC0-301F-11D3-BF4B-00C04F79EFBC}") = "MMMChangeDay", "MMMChangeDay\MMMChangeDay.csproj", "{41BC7C47-62EF-480F-AD5B-C06004AD4DA2}"
EndProject
Project("{FAE04EC0-301F-11D3-BF4B-00C04F79EFBC}") = "MMMChangeHour", "MMMChangeHour\MMMChangeHour.csproj", "{1ED8BE46-F3DC-4AD8-8ED3-2C14BA783859}"
EndProject
Project("{FAE04EC0-301F-11D3-BF4B-00C04F79EFBC}") = "AopSdk", "AopSdk\AopSdk.csproj", "{9C11CAE5-5188-4E71-825B-68FC3135728A}"
EndProject
Global
	GlobalSection(SolutionConfigurationPlatforms) = preSolution
		Debug|Any CPU = Debug|Any CPU
		Debug|Mixed Platforms = Debug|Mixed Platforms
		Debug|x86 = Debug|x86
		Release|Any CPU = Release|Any CPU
		Release|Mixed Platforms = Release|Mixed Platforms
		Release|x86 = Release|x86
	EndGlobalSection
	GlobalSection(ProjectConfigurationPlatforms) = postSolution
		{F00735C7-6297-437B-84EE-556F50CD920E}.Debug|Any CPU.ActiveCfg = Debug|Any CPU
		{F00735C7-6297-437B-84EE-556F50CD920E}.Debug|Any CPU.Build.0 = Debug|Any CPU
		{F00735C7-6297-437B-84EE-556F50CD920E}.Debug|Mixed Platforms.ActiveCfg = Debug|Any CPU
		{F00735C7-6297-437B-84EE-556F50CD920E}.Debug|Mixed Platforms.Build.0 = Debug|Any CPU
		{F00735C7-6297-437B-84EE-556F50CD920E}.Debug|x86.ActiveCfg = Debug|Any CPU
		{F00735C7-6297-437B-84EE-556F50CD920E}.Release|Any CPU.ActiveCfg = Release|Any CPU
		{F00735C7-6297-437B-84EE-556F50CD920E}.Release|Any CPU.Build.0 = Release|Any CPU
		{F00735C7-6297-437B-84EE-556F50CD920E}.Release|Mixed Platforms.ActiveCfg = Release|Any CPU
		{F00735C7-6297-437B-84EE-556F50CD920E}.Release|Mixed Platforms.Build.0 = Release|Any CPU
		{F00735C7-6297-437B-84EE-556F50CD920E}.Release|x86.ActiveCfg = Release|Any CPU
		{FFAD49BA-0F98-45FC-8FEF-C56B99BC4F29}.Debug|Any CPU.ActiveCfg = Debug|Any CPU
		{FFAD49BA-0F98-45FC-8FEF-C56B99BC4F29}.Debug|Any CPU.Build.0 = Debug|Any CPU
		{FFAD49BA-0F98-45FC-8FEF-C56B99BC4F29}.Debug|Mixed Platforms.ActiveCfg = Debug|Any CPU
		{FFAD49BA-0F98-45FC-8FEF-C56B99BC4F29}.Debug|Mixed Platforms.Build.0 = Debug|Any CPU
		{FFAD49BA-0F98-45FC-8FEF-C56B99BC4F29}.Debug|x86.ActiveCfg = Debug|Any CPU
		{FFAD49BA-0F98-45FC-8FEF-C56B99BC4F29}.Release|Any CPU.ActiveCfg = Release|Any CPU
		{FFAD49BA-0F98-45FC-8FEF-C56B99BC4F29}.Release|Any CPU.Build.0 = Release|Any CPU
		{FFAD49BA-0F98-45FC-8FEF-C56B99BC4F29}.Release|Mixed Platforms.ActiveCfg = Release|Any CPU
		{FFAD49BA-0F98-45FC-8FEF-C56B99BC4F29}.Release|Mixed Platforms.Build.0 = Release|Any CPU
		{FFAD49BA-0F98-45FC-8FEF-C56B99BC4F29}.Release|x86.ActiveCfg = Release|Any CPU
		{F0B02A55-B663-4ADE-8D0B-BC5812D73B0A}.Debug|Any CPU.ActiveCfg = Debug|Any CPU
		{F0B02A55-B663-4ADE-8D0B-BC5812D73B0A}.Debug|Any CPU.Build.0 = Debug|Any CPU
		{F0B02A55-B663-4ADE-8D0B-BC5812D73B0A}.Debug|Mixed Platforms.ActiveCfg = Debug|Any CPU
		{F0B02A55-B663-4ADE-8D0B-BC5812D73B0A}.Debug|Mixed Platforms.Build.0 = Debug|Any CPU
		{F0B02A55-B663-4ADE-8D0B-BC5812D73B0A}.Debug|x86.ActiveCfg = Debug|Any CPU
		{F0B02A55-B663-4ADE-8D0B-BC5812D73B0A}.Release|Any CPU.ActiveCfg = Release|Any CPU
		{F0B02A55-B663-4ADE-8D0B-BC5812D73B0A}.Release|Any CPU.Build.0 = Release|Any CPU
		{F0B02A55-B663-4ADE-8D0B-BC5812D73B0A}.Release|Mixed Platforms.ActiveCfg = Release|Any CPU
		{F0B02A55-B663-4ADE-8D0B-BC5812D73B0A}.Release|Mixed Platforms.Build.0 = Release|Any CPU
		{F0B02A55-B663-4ADE-8D0B-BC5812D73B0A}.Release|x86.ActiveCfg = Release|Any CPU
		{0988C62E-247F-471F-A183-DB509C7A3839}.Debug|Any CPU.ActiveCfg = Debug|Any CPU
		{0988C62E-247F-471F-A183-DB509C7A3839}.Debug|Any CPU.Build.0 = Debug|Any CPU
		{0988C62E-247F-471F-A183-DB509C7A3839}.Debug|Mixed Platforms.ActiveCfg = Debug|Any CPU
		{0988C62E-247F-471F-A183-DB509C7A3839}.Debug|Mixed Platforms.Build.0 = Debug|Any CPU
		{0988C62E-247F-471F-A183-DB509C7A3839}.Debug|x86.ActiveCfg = Debug|Any CPU
		{0988C62E-247F-471F-A183-DB509C7A3839}.Release|Any CPU.ActiveCfg = Release|Any CPU
		{0988C62E-247F-471F-A183-DB509C7A3839}.Release|Any CPU.Build.0 = Release|Any CPU
		{0988C62E-247F-471F-A183-DB509C7A3839}.Release|Mixed Platforms.ActiveCfg = Release|Any CPU
		{0988C62E-247F-471F-A183-DB509C7A3839}.Release|Mixed Platforms.Build.0 = Release|Any CPU
		{0988C62E-247F-471F-A183-DB509C7A3839}.Release|x86.ActiveCfg = Release|Any CPU
		{6FEE910B-7BE3-4BD9-973E-B07E65635F0D}.Debug|Any CPU.ActiveCfg = Debug|Any CPU
		{6FEE910B-7BE3-4BD9-973E-B07E65635F0D}.Debug|Any CPU.Build.0 = Debug|Any CPU
		{6FEE910B-7BE3-4BD9-973E-B07E65635F0D}.Debug|Mixed Platforms.ActiveCfg = Debug|Any CPU
		{6FEE910B-7BE3-4BD9-973E-B07E65635F0D}.Debug|Mixed Platforms.Build.0 = Debug|Any CPU
		{6FEE910B-7BE3-4BD9-973E-B07E65635F0D}.Debug|x86.ActiveCfg = Debug|Any CPU
		{6FEE910B-7BE3-4BD9-973E-B07E65635F0D}.Release|Any CPU.ActiveCfg = Release|Any CPU
		{6FEE910B-7BE3-4BD9-973E-B07E65635F0D}.Release|Any CPU.Build.0 = Release|Any CPU
		{6FEE910B-7BE3-4BD9-973E-B07E65635F0D}.Release|Mixed Platforms.ActiveCfg = Release|Any CPU
		{6FEE910B-7BE3-4BD9-973E-B07E65635F0D}.Release|Mixed Platforms.Build.0 = Release|Any CPU
		{6FEE910B-7BE3-4BD9-973E-B07E65635F0D}.Release|x86.ActiveCfg = Release|Any CPU
		{29AC6251-405B-420A-8307-1C407A96F81F}.Debug|Any CPU.ActiveCfg = Debug|Any CPU
		{29AC6251-405B-420A-8307-1C407A96F81F}.Debug|Any CPU.Build.0 = Debug|Any CPU
		{29AC6251-405B-420A-8307-1C407A96F81F}.Debug|Mixed Platforms.ActiveCfg = Debug|Any CPU
		{29AC6251-405B-420A-8307-1C407A96F81F}.Debug|Mixed Platforms.Build.0 = Debug|Any CPU
		{29AC6251-405B-420A-8307-1C407A96F81F}.Debug|x86.ActiveCfg = Debug|Any CPU
		{29AC6251-405B-420A-8307-1C407A96F81F}.Release|Any CPU.ActiveCfg = Release|Any CPU
		{29AC6251-405B-420A-8307-1C407A96F81F}.Release|Any CPU.Build.0 = Release|Any CPU
		{29AC6251-405B-420A-8307-1C407A96F81F}.Release|Mixed Platforms.ActiveCfg = Release|Any CPU
		{29AC6251-405B-420A-8307-1C407A96F81F}.Release|Mixed Platforms.Build.0 = Release|Any CPU
		{29AC6251-405B-420A-8307-1C407A96F81F}.Release|x86.ActiveCfg = Release|Any CPU
		{2D8D68D5-15E9-4C4B-9048-420C5BB46ABA}.Debug|Any CPU.ActiveCfg = Debug|Any CPU
		{2D8D68D5-15E9-4C4B-9048-420C5BB46ABA}.Debug|Any CPU.Build.0 = Debug|Any CPU
		{2D8D68D5-15E9-4C4B-9048-420C5BB46ABA}.Debug|Mixed Platforms.ActiveCfg = Debug|Any CPU
		{2D8D68D5-15E9-4C4B-9048-420C5BB46ABA}.Debug|Mixed Platforms.Build.0 = Debug|Any CPU
		{2D8D68D5-15E9-4C4B-9048-420C5BB46ABA}.Debug|x86.ActiveCfg = Debug|Any CPU
		{2D8D68D5-15E9-4C4B-9048-420C5BB46ABA}.Release|Any CPU.ActiveCfg = Release|Any CPU
		{2D8D68D5-15E9-4C4B-9048-420C5BB46ABA}.Release|Any CPU.Build.0 = Release|Any CPU
		{2D8D68D5-15E9-4C4B-9048-420C5BB46ABA}.Release|Mixed Platforms.ActiveCfg = Release|Any CPU
		{2D8D68D5-15E9-4C4B-9048-420C5BB46ABA}.Release|Mixed Platforms.Build.0 = Release|Any CPU
		{2D8D68D5-15E9-4C4B-9048-420C5BB46ABA}.Release|x86.ActiveCfg = Release|Any CPU
		{42CB9A89-DAD4-4B95-A851-E3A59263506D}.Debug|Any CPU.ActiveCfg = Debug|Any CPU
		{42CB9A89-DAD4-4B95-A851-E3A59263506D}.Debug|Any CPU.Build.0 = Debug|Any CPU
		{42CB9A89-DAD4-4B95-A851-E3A59263506D}.Debug|Mixed Platforms.ActiveCfg = Debug|Any CPU
		{42CB9A89-DAD4-4B95-A851-E3A59263506D}.Debug|Mixed Platforms.Build.0 = Debug|Any CPU
		{42CB9A89-DAD4-4B95-A851-E3A59263506D}.Debug|x86.ActiveCfg = Debug|Any CPU
		{42CB9A89-DAD4-4B95-A851-E3A59263506D}.Release|Any CPU.ActiveCfg = Release|Any CPU
		{42CB9A89-DAD4-4B95-A851-E3A59263506D}.Release|Any CPU.Build.0 = Release|Any CPU
		{42CB9A89-DAD4-4B95-A851-E3A59263506D}.Release|Mixed Platforms.ActiveCfg = Release|Any CPU
		{42CB9A89-DAD4-4B95-A851-E3A59263506D}.Release|Mixed Platforms.Build.0 = Release|Any CPU
		{42CB9A89-DAD4-4B95-A851-E3A59263506D}.Release|x86.ActiveCfg = Release|Any CPU
		{4DF61423-0C31-4170-A692-E69B9B448BB8}.Debug|Any CPU.ActiveCfg = Debug|Any CPU
		{4DF61423-0C31-4170-A692-E69B9B448BB8}.Debug|Any CPU.Build.0 = Debug|Any CPU
		{4DF61423-0C31-4170-A692-E69B9B448BB8}.Debug|Mixed Platforms.ActiveCfg = Debug|Any CPU
		{4DF61423-0C31-4170-A692-E69B9B448BB8}.Debug|Mixed Platforms.Build.0 = Debug|Any CPU
		{4DF61423-0C31-4170-A692-E69B9B448BB8}.Debug|x86.ActiveCfg = Debug|Any CPU
		{4DF61423-0C31-4170-A692-E69B9B448BB8}.Release|Any CPU.ActiveCfg = Release|Any CPU
		{4DF61423-0C31-4170-A692-E69B9B448BB8}.Release|Any CPU.Build.0 = Release|Any CPU
		{4DF61423-0C31-4170-A692-E69B9B448BB8}.Release|Mixed Platforms.ActiveCfg = Release|Any CPU
		{4DF61423-0C31-4170-A692-E69B9B448BB8}.Release|Mixed Platforms.Build.0 = Release|Any CPU
		{4DF61423-0C31-4170-A692-E69B9B448BB8}.Release|x86.ActiveCfg = Release|Any CPU
		{071A8BE2-A780-4930-997A-DE7ACF35B34D}.Debug|Any CPU.ActiveCfg = Debug|x86
		{071A8BE2-A780-4930-997A-DE7ACF35B34D}.Debug|Mixed Platforms.ActiveCfg = Debug|x86
		{071A8BE2-A780-4930-997A-DE7ACF35B34D}.Debug|Mixed Platforms.Build.0 = Debug|x86
		{071A8BE2-A780-4930-997A-DE7ACF35B34D}.Debug|x86.ActiveCfg = Debug|x86
		{071A8BE2-A780-4930-997A-DE7ACF35B34D}.Debug|x86.Build.0 = Debug|x86
		{071A8BE2-A780-4930-997A-DE7ACF35B34D}.Release|Any CPU.ActiveCfg = Release|x86
		{071A8BE2-A780-4930-997A-DE7ACF35B34D}.Release|Mixed Platforms.ActiveCfg = Release|x86
		{071A8BE2-A780-4930-997A-DE7ACF35B34D}.Release|Mixed Platforms.Build.0 = Release|x86
		{071A8BE2-A780-4930-997A-DE7ACF35B34D}.Release|x86.ActiveCfg = Release|x86
		{071A8BE2-A780-4930-997A-DE7ACF35B34D}.Release|x86.Build.0 = Release|x86
		{41BC7C47-62EF-480F-AD5B-C06004AD4DA2}.Debug|Any CPU.ActiveCfg = Debug|x86
		{41BC7C47-62EF-480F-AD5B-C06004AD4DA2}.Debug|Mixed Platforms.ActiveCfg = Debug|x86
		{41BC7C47-62EF-480F-AD5B-C06004AD4DA2}.Debug|Mixed Platforms.Build.0 = Debug|x86
		{41BC7C47-62EF-480F-AD5B-C06004AD4DA2}.Debug|x86.ActiveCfg = Debug|x86
		{41BC7C47-62EF-480F-AD5B-C06004AD4DA2}.Debug|x86.Build.0 = Debug|x86
		{41BC7C47-62EF-480F-AD5B-C06004AD4DA2}.Release|Any CPU.ActiveCfg = Release|x86
		{41BC7C47-62EF-480F-AD5B-C06004AD4DA2}.Release|Mixed Platforms.ActiveCfg = Release|x86
		{41BC7C47-62EF-480F-AD5B-C06004AD4DA2}.Release|Mixed Platforms.Build.0 = Release|x86
		{41BC7C47-62EF-480F-AD5B-C06004AD4DA2}.Release|x86.ActiveCfg = Release|x86
		{41BC7C47-62EF-480F-AD5B-C06004AD4DA2}.Release|x86.Build.0 = Release|x86
		{1ED8BE46-F3DC-4AD8-8ED3-2C14BA783859}.Debug|Any CPU.ActiveCfg = Debug|x86
		{1ED8BE46-F3DC-4AD8-8ED3-2C14BA783859}.Debug|Mixed Platforms.ActiveCfg = Debug|x86
		{1ED8BE46-F3DC-4AD8-8ED3-2C14BA783859}.Debug|Mixed Platforms.Build.0 = Debug|x86
		{1ED8BE46-F3DC-4AD8-8ED3-2C14BA783859}.Debug|x86.ActiveCfg = Debug|x86
		{1ED8BE46-F3DC-4AD8-8ED3-2C14BA783859}.Debug|x86.Build.0 = Debug|x86
		{1ED8BE46-F3DC-4AD8-8ED3-2C14BA783859}.Release|Any CPU.ActiveCfg = Release|x86
		{1ED8BE46-F3DC-4AD8-8ED3-2C14BA783859}.Release|Mixed Platforms.ActiveCfg = Release|x86
		{1ED8BE46-F3DC-4AD8-8ED3-2C14BA783859}.Release|Mixed Platforms.Build.0 = Release|x86
		{1ED8BE46-F3DC-4AD8-8ED3-2C14BA783859}.Release|x86.ActiveCfg = Release|x86
		{1ED8BE46-F3DC-4AD8-8ED3-2C14BA783859}.Release|x86.Build.0 = Release|x86
		{9C11CAE5-5188-4E71-825B-68FC3135728A}.Debug|Any CPU.ActiveCfg = Debug|Any CPU
		{9C11CAE5-5188-4E71-825B-68FC3135728A}.Debug|Any CPU.Build.0 = Debug|Any CPU
		{9C11CAE5-5188-4E71-825B-68FC3135728A}.Debug|Mixed Platforms.ActiveCfg = Debug|Any CPU
		{9C11CAE5-5188-4E71-825B-68FC3135728A}.Debug|Mixed Platforms.Build.0 = Debug|Any CPU
		{9C11CAE5-5188-4E71-825B-68FC3135728A}.Debug|x86.ActiveCfg = Debug|Any CPU
		{9C11CAE5-5188-4E71-825B-68FC3135728A}.Debug|x86.Build.0 = Debug|Any CPU
		{9C11CAE5-5188-4E71-825B-68FC3135728A}.Release|Any CPU.ActiveCfg = Release|Any CPU
		{9C11CAE5-5188-4E71-825B-68FC3135728A}.Release|Any CPU.Build.0 = Release|Any CPU
		{9C11CAE5-5188-4E71-825B-68FC3135728A}.Release|Mixed Platforms.ActiveCfg = Release|Any CPU
		{9C11CAE5-5188-4E71-825B-68FC3135728A}.Release|Mixed Platforms.Build.0 = Release|Any CPU
		{9C11CAE5-5188-4E71-825B-68FC3135728A}.Release|x86.ActiveCfg = Release|Any CPU
		{9C11CAE5-5188-4E71-825B-68FC3135728A}.Release|x86.Build.0 = Release|Any CPU
	EndGlobalSection
	GlobalSection(SolutionProperties) = preSolution
		HideSolutionNode = FALSE
	EndGlobalSection
EndGlobal
